github.com/cespare/reflex v0.2.0 h1:6d9WpWJseKjJvZEevKP7Pk42nPx2+BUTqmhNk8wZPwM=
github.com/cespare/reflex v0.2.0/go.mod h1:ooqOLJ4algvHP/oYvKWfWJ9tFUzCLDk5qkIJduMYrgI=
github.com/davecheney/godoc2md v0.0.0-20180717000503-586c20adbfb9/go.mod h1:A04a9rawvUZlLDtIXfgTjAUm6wU8O4ZME64JGhKFubg=
github.com/davecheney/godoc2md v0.0.0-20190102190552-ec8f0aeaa913/go.mod h1:mUyU+12reTra3LLJzldnOLcKjknB0ajbIpIgvIBF4OE=
github.com/fsnotify/fsnotify v1.4.7 h1:IXs+QLmnXW2CcXuY+8Mzv/fWEsPGWxqefPtCP5CnV9I=
github.com/fsnotify/fsnotify v1.4.7/go.mod h1:jwhsz4b93w/PPRr/qN1Yymfu8t87LnFCMoQvtojpjFo=
github.com/google/uuid v1.0.0 h1:b4Gk+7WdP/d3HZH8EJsZpvV7EtDOgaZLtnaNGIu1adA=
github.com/google/uuid v1.0.0/go.mod h1:TIyPZe4MgqvfeYDBFedMoGGpEw/LqOeaOT+nhxU+yHo=
github.com/google/uuid v1.1.0 h1:Jf4mxPC/ziBnoPIdpQdPJ9OeiomAUHLvxmPRSPH9m4s=
github.com/google/uuid v1.1.0/go.mod h1:TIyPZe4MgqvfeYDBFedMoGGpEw/LqOeaOT+nhxU+yHo=
github.com/gorilla/mux v1.6.2 h1:Pgr17XVTNXAk3q/r4CpKzC5xBM/qW1uVLV+IhRZpIIk=
github.com/gorilla/mux v1.6.2/go.mod h1:1lud6UwP+6orDFRuTfBEV8e9/aOM/c4fVVCaMa2zaAs=
github.com/gorilla/mux v1.7.0 h1:tOSd0UKHQd6urX6ApfOn4XdBMY6Sh1MfxV3kmaazO+U=
github.com/gorilla/mux v1.7.0/go.mod h1:1lud6UwP+6orDFRuTfBEV8e9/aOM/c4fVVCaMa2zaAs=
github.com/kballard/go-shellquote v0.0.0-20180428030007-95032a82bc51 h1:Z9n2FFNUXsshfwJMBgNA0RU6/i7WVaAegv3PtuIHPMs=
github.com/kballard/go-shellquote v0.0.0-20180428030007-95032a82bc51/go.mod h1:CzGEWj7cYgsdH8dAjBGEr58BoE7ScuLd+fwFZ44+/x8=
github.com/kr/pty v1.1.3 h1:/Um6a/ZmD5tF7peoOJ5oN5KMQ0DrGVQSXLNwyckutPk=
github.com/kr/pty v1.1.3/go.mod h1:pFQYn66WHrOpPYNljwOMqo10TkYh1fy3cYio2l3bCsQ=
github.com/me-box/goZestClient v0.0.10 h1:dIU2G0iIGF4Oi8hRHwAKD3v6cobpGkXnqfOz0qJ3uQg=
github.com/me-box/goZestClient v0.0.10/go.mod h1:Hk1xjFnb9f21bXs+gepUCjXOHzFLahp917dYvG9WhOI=
github.com/me-box/goZestClient v0.0.14/go.mod h1:Hk1xjFnb9f21bXs+gepUCjXOHzFLahp917dYvG9WhOI=
github.com/me-box/goZestClient v0.0.15 h1:sDgfOul3xhe3clg0UBW7H6bKnId4Yj2Ez07jKeJQGNU=
github.com/me-box/goZestClient v0.0.15/go.mod h1:Hk1xjFnb9f21bXs+gepUCjXOHzFLahp917dYvG9WhOI=
github.com/me-box/lib-go-databox v0.5.10 h1:nDIXhW43OqLpaSIi7e8FoG0PrFdr06SmQ5Tf29deqOc=
github.com/me-box/lib-go-databox v0.5.10/go.mod h1:HVSKPu1O5xBNJ3ZJgD0duYBbvP//ixr5fNWjsbrRKY0=
github.com/me-box/lib-go-databox v0.5.12 h1:ld/L8uiEEN5v01CN7QQ45oiiJvU6bVGpC0BbkzCG2oQ=
github.com/me-box/lib-go-databox v0.5.12/go.mod h1:HVSKPu1O5xBNJ3ZJgD0duYBbvP//ixr5fNWjsbrRKY0=
github.com/me-box/lib-go-databox v0.6.2 h1:cjLx1ZsBqTLf67aoHD540rAek79LvBnpzNTlTVmlxL8=
github.com/me-box/lib-go-databox v0.6.2/go.mod h1:qtL0m5qYTnMcjN+SXxDsgGK5gRqUjnfDtIdLiVH+Kns=
github.com/ogier/pflag v0.0.1 h1:RW6JSWSu/RkSatfcLtogGfFgpim5p7ARQ10ECk5O750=
github.com/ogier/pflag v0.0.1/go.mod h1:zkFki7tvTa0tafRvTBIZTvzYyAu6kQhPZFnshFFPE+g=
github.com/pebbe/zmq4 v1.0.0 h1:D+MSmPpqkL5PSSmnh8g51ogirUCyemThuZzLW7Nrt78=
github.com/pebbe/zmq4 v1.0.0/go.mod h1:7N4y5R18zBiu3l0vajMUWQgZyjv464prE8RCyBcmnZM=
golang.org/x/sys v0.0.0-20190129075346-302c3dd5f1cc h1:WiYx1rIFmx8c0mXAFtv5D/mHyKe1+jmuP7PViuwqwuQ=
golang.org/x/sys v0.0.0-20190129075346-302c3dd5f1cc/go.mod h1:STP8DvDyc/dI5b8T5hshtkjS+E42TnysNCUPdjciGhY=
golang.org/x/tools v0.0.0-20180925155007-dca76387a03d/go.mod h1:n7NCudcB/nEzxVGmLbDWY5pfWTLqBcC2KZ6jyYvM4mQ=
golang.org/x/tools v0.0.0-20181011021141-0e57ebad1d6b/go.mod h1:n7NCudcB/nEzxVGmLbDWY5pfWTLqBcC2KZ6jyYvM4mQ=
golang.org/x/tools v0.0.0-20181115011154-2a3f5192be2e/go.mod h1:n7NCudcB/nEzxVGmLbDWY5pfWTLqBcC2KZ6jyYvM4mQ=
golang.org/x/tools v0.0.0-20190130015043-a06a922acc1b/go.mod h1:n7NCudcB/nEzxVGmLbDWY5pfWTLqBcC2KZ6jyYvM4mQ=
