github.com/davecheney/godoc2md v0.0.0-20180717000503-586c20adbfb9/go.mod h1:A04a9rawvUZlLDtIXfgTjAUm6wU8O4ZME64JGhKFubg=
github.com/google/uuid v1.0.0 h1:b4Gk+7WdP/d3HZH8EJsZpvV7EtDOgaZLtnaNGIu1adA=
github.com/google/uuid v1.0.0/go.mod h1:TIyPZe4MgqvfeYDBFedMoGGpEw/LqOeaOT+nhxU+yHo=
github.com/gorilla/mux v1.6.2 h1:Pgr17XVTNXAk3q/r4CpKzC5xBM/qW1uVLV+IhRZpIIk=
github.com/gorilla/mux v1.6.2/go.mod h1:1lud6UwP+6orDFRuTfBEV8e9/aOM/c4fVVCaMa2zaAs=
github.com/me-box/goZestClient v0.0.10 h1:dIU2G0iIGF4Oi8hRHwAKD3v6cobpGkXnqfOz0qJ3uQg=
github.com/me-box/goZestClient v0.0.10/go.mod h1:Hk1xjFnb9f21bXs+gepUCjXOHzFLahp917dYvG9WhOI=
github.com/me-box/lib-go-databox v0.5.10 h1:nDIXhW43OqLpaSIi7e8FoG0PrFdr06SmQ5Tf29deqOc=
github.com/me-box/lib-go-databox v0.5.10/go.mod h1:HVSKPu1O5xBNJ3ZJgD0duYBbvP//ixr5fNWjsbrRKY0=
github.com/me-box/lib-go-databox v0.5.12 h1:ld/L8uiEEN5v01CN7QQ45oiiJvU6bVGpC0BbkzCG2oQ=
github.com/me-box/lib-go-databox v0.5.12/go.mod h1:HVSKPu1O5xBNJ3ZJgD0duYBbvP//ixr5fNWjsbrRKY0=
github.com/pebbe/zmq4 v1.0.0 h1:D+MSmPpqkL5PSSmnh8g51ogirUCyemThuZzLW7Nrt78=
github.com/pebbe/zmq4 v1.0.0/go.mod h1:7N4y5R18zBiu3l0vajMUWQgZyjv464prE8RCyBcmnZM=
golang.org/x/tools v0.0.0-20180925155007-dca76387a03d/go.mod h1:n7NCudcB/nEzxVGmLbDWY5pfWTLqBcC2KZ6jyYvM4mQ=
